// !$*UTF8*$!
{
	archiveVersion = 1;
	classes = {
	};
	objectVersion = 46;
	objects = {

/* Begin PBXBuildFile section */
		687C05CD1A7AEA1900677909 /* main.m in Sources */ = {isa = PBXBuildFile; fileRef = 687C05CC1A7AEA1900677909 /* main.m */; };
		687C05D01A7AEA1900677909 /* AppDelegate.m in Sources */ = {isa = PBXBuildFile; fileRef = 687C05CF1A7AEA1900677909 /* AppDelegate.m */; };
		687C05D31A7AEA1900677909 /* InTheGarage.xcdatamodeld in Sources */ = {isa = PBXBuildFile; fileRef = 687C05D11A7AEA1900677909 /* InTheGarage.xcdatamodeld */; };
		687C05D61A7AEA1900677909 /* CarDetailViewController.m in Sources */ = {isa = PBXBuildFile; fileRef = 687C05D51A7AEA1900677909 /* CarDetailViewController.m */; };
		687C05D91A7AEA1900677909 /* Main.storyboard in Resources */ = {isa = PBXBuildFile; fileRef = 687C05D71A7AEA1900677909 /* Main.storyboard */; };
		687C05DB1A7AEA1900677909 /* Images.xcassets in Resources */ = {isa = PBXBuildFile; fileRef = 687C05DA1A7AEA1900677909 /* Images.xcassets */; };
		687C05DE1A7AEA1900677909 /* LaunchScreen.xib in Resources */ = {isa = PBXBuildFile; fileRef = 687C05DC1A7AEA1900677909 /* LaunchScreen.xib */; };
		687C05EA1A7AEA1900677909 /* InTheGarageTests.m in Sources */ = {isa = PBXBuildFile; fileRef = 687C05E91A7AEA1900677909 /* InTheGarageTests.m */; };
		689CF7661A9F832500282C25 /* CoreDataHelper.m in Sources */ = {isa = PBXBuildFile; fileRef = 689CF7651A9F832500282C25 /* CoreDataHelper.m */; };
		689CF7691A9F861000282C25 /* Car.m in Sources */ = {isa = PBXBuildFile; fileRef = 689CF7681A9F861000282C25 /* Car.m */; };
		689CF76C1A9F865600282C25 /* CarController.m in Sources */ = {isa = PBXBuildFile; fileRef = 689CF76B1A9F865600282C25 /* CarController.m */; };
		689CF76F1A9F8CA800282C25 /* CarListTableViewController.m in Sources */ = {isa = PBXBuildFile; fileRef = 689CF76E1A9F8CA800282C25 /* CarListTableViewController.m */; };
/* End PBXBuildFile section */

/* Begin PBXContainerItemProxy section */
		687C05E41A7AEA1900677909 /* PBXContainerItemProxy */ = {
			isa = PBXContainerItemProxy;
			containerPortal = 687C05BF1A7AEA1900677909 /* Project object */;
			proxyType = 1;
			remoteGlobalIDString = 687C05C61A7AEA1900677909;
			remoteInfo = InTheGarage;
		};
/* End PBXContainerItemProxy section */

/* Begin PBXFileReference section */
		687C05C71A7AEA1900677909 /* InTheGarage.app */ = {isa = PBXFileReference; explicitFileType = wrapper.application; includeInIndex = 0; path = InTheGarage.app; sourceTree = BUILT_PRODUCTS_DIR; };
		687C05CB1A7AEA1900677909 /* Info.plist */ = {isa = PBXFileReference; lastKnownFileType = text.plist.xml; path = Info.plist; sourceTree = "<group>"; };
		687C05CC1A7AEA1900677909 /* main.m */ = {isa = PBXFileReference; lastKnownFileType = sourcecode.c.objc; path = main.m; sourceTree = "<group>"; };
		687C05CE1A7AEA1900677909 /* AppDelegate.h */ = {isa = PBXFileReference; lastKnownFileType = sourcecode.c.h; path = AppDelegate.h; sourceTree = "<group>"; };
		687C05CF1A7AEA1900677909 /* AppDelegate.m */ = {isa = PBXFileReference; lastKnownFileType = sourcecode.c.objc; path = AppDelegate.m; sourceTree = "<group>"; };
		687C05D21A7AEA1900677909 /* InTheGarage.xcdatamodel */ = {isa = PBXFileReference; lastKnownFileType = wrapper.xcdatamodel; path = InTheGarage.xcdatamodel; sourceTree = "<group>"; };
		687C05D41A7AEA1900677909 /* CarDetailViewController.h */ = {isa = PBXFileReference; lastKnownFileType = sourcecode.c.h; path = CarDetailViewController.h; sourceTree = "<group>"; };
		687C05D51A7AEA1900677909 /* CarDetailViewController.m */ = {isa = PBXFileReference; lastKnownFileType = sourcecode.c.objc; path = CarDetailViewController.m; sourceTree = "<group>"; };
		687C05D81A7AEA1900677909 /* Base */ = {isa = PBXFileReference; lastKnownFileType = file.storyboard; name = Base; path = Base.lproj/Main.storyboard; sourceTree = "<group>"; };
		687C05DA1A7AEA1900677909 /* Images.xcassets */ = {isa = PBXFileReference; lastKnownFileType = folder.assetcatalog; path = Images.xcassets; sourceTree = "<group>"; };
		687C05DD1A7AEA1900677909 /* Base */ = {isa = PBXFileReference; lastKnownFileType = file.xib; name = Base; path = Base.lproj/LaunchScreen.xib; sourceTree = "<group>"; };
		687C05E31A7AEA1900677909 /* InTheGarageTests.xctest */ = {isa = PBXFileReference; explicitFileType = wrapper.cfbundle; includeInIndex = 0; path = InTheGarageTests.xctest; sourceTree = BUILT_PRODUCTS_DIR; };
		687C05E81A7AEA1900677909 /* Info.plist */ = {isa = PBXFileReference; lastKnownFileType = text.plist.xml; path = Info.plist; sourceTree = "<group>"; };
		687C05E91A7AEA1900677909 /* InTheGarageTests.m */ = {isa = PBXFileReference; lastKnownFileType = sourcecode.c.objc; path = InTheGarageTests.m; sourceTree = "<group>"; };
		689CF7641A9F832500282C25 /* CoreDataHelper.h */ = {isa = PBXFileReference; fileEncoding = 4; lastKnownFileType = sourcecode.c.h; path = CoreDataHelper.h; sourceTree = "<group>"; };
		689CF7651A9F832500282C25 /* CoreDataHelper.m */ = {isa = PBXFileReference; fileEncoding = 4; lastKnownFileType = sourcecode.c.objc; path = CoreDataHelper.m; sourceTree = "<group>"; };
		689CF7671A9F861000282C25 /* Car.h */ = {isa = PBXFileReference; fileEncoding = 4; lastKnownFileType = sourcecode.c.h; path = Car.h; sourceTree = "<group>"; };
		689CF7681A9F861000282C25 /* Car.m */ = {isa = PBXFileReference; fileEncoding = 4; lastKnownFileType = sourcecode.c.objc; path = Car.m; sourceTree = "<group>"; };
		689CF76A1A9F865600282C25 /* CarController.h */ = {isa = PBXFileReference; fileEncoding = 4; lastKnownFileType = sourcecode.c.h; path = CarController.h; sourceTree = "<group>"; };
		689CF76B1A9F865600282C25 /* CarController.m */ = {isa = PBXFileReference; fileEncoding = 4; lastKnownFileType = sourcecode.c.objc; path = CarController.m; sourceTree = "<group>"; };
		689CF76D1A9F8CA800282C25 /* CarListTableViewController.h */ = {isa = PBXFileReference; fileEncoding = 4; lastKnownFileType = sourcecode.c.h; path = CarListTableViewController.h; sourceTree = "<group>"; };
		689CF76E1A9F8CA800282C25 /* CarListTableViewController.m */ = {isa = PBXFileReference; fileEncoding = 4; lastKnownFileType = sourcecode.c.objc; path = CarListTableViewController.m; sourceTree = "<group>"; };
/* End PBXFileReference section */

/* Begin PBXFrameworksBuildPhase section */
		687C05C41A7AEA1900677909 /* Frameworks */ = {
			isa = PBXFrameworksBuildPhase;
			buildActionMask = 2147483647;
			files = (
			);
			runOnlyForDeploymentPostprocessing = 0;
		};
		687C05E01A7AEA1900677909 /* Frameworks */ = {
			isa = PBXFrameworksBuildPhase;
			buildActionMask = 2147483647;
			files = (
			);
			runOnlyForDeploymentPostprocessing = 0;
		};
/* End PBXFrameworksBuildPhase section */

/* Begin PBXGroup section */
		687C05BE1A7AEA1900677909 = {
			isa = PBXGroup;
			children = (
				687C05C91A7AEA1900677909 /* InTheGarage */,
				687C05E61A7AEA1900677909 /* InTheGarageTests */,
				687C05C81A7AEA1900677909 /* Products */,
			);
			sourceTree = "<group>";
		};
		687C05C81A7AEA1900677909 /* Products */ = {
			isa = PBXGroup;
			children = (
				687C05C71A7AEA1900677909 /* InTheGarage.app */,
				687C05E31A7AEA1900677909 /* InTheGarageTests.xctest */,
			);
			name = Products;
			sourceTree = "<group>";
		};
		687C05C91A7AEA1900677909 /* InTheGarage */ = {
			isa = PBXGroup;
			children = (
				687C05CE1A7AEA1900677909 /* AppDelegate.h */,
				687C05CF1A7AEA1900677909 /* AppDelegate.m */,
				687C05D41A7AEA1900677909 /* CarDetailViewController.h */,
				687C05D51A7AEA1900677909 /* CarDetailViewController.m */,
				689CF76D1A9F8CA800282C25 /* CarListTableViewController.h */,
				689CF76E1A9F8CA800282C25 /* CarListTableViewController.m */,
				689CF76A1A9F865600282C25 /* CarController.h */,
				689CF76B1A9F865600282C25 /* CarController.m */,
				689CF7641A9F832500282C25 /* CoreDataHelper.h */,
				689CF7651A9F832500282C25 /* CoreDataHelper.m */,
				687C05D71A7AEA1900677909 /* Main.storyboard */,
				687C05DA1A7AEA1900677909 /* Images.xcassets */,
				687C05DC1A7AEA1900677909 /* LaunchScreen.xib */,
				687C05D11A7AEA1900677909 /* InTheGarage.xcdatamodeld */,
				689CF7671A9F861000282C25 /* Car.h */,
				689CF7681A9F861000282C25 /* Car.m */,
				687C05CA1A7AEA1900677909 /* Supporting Files */,
			);
			path = InTheGarage;
			sourceTree = "<group>";
		};
		687C05CA1A7AEA1900677909 /* Supporting Files */ = {
			isa = PBXGroup;
			children = (
				687C05CB1A7AEA1900677909 /* Info.plist */,
				687C05CC1A7AEA1900677909 /* main.m */,
			);
			name = "Supporting Files";
			sourceTree = "<group>";
		};
		687C05E61A7AEA1900677909 /* InTheGarageTests */ = {
			isa = PBXGroup;
			children = (
				687C05E91A7AEA1900677909 /* InTheGarageTests.m */,
				687C05E71A7AEA1900677909 /* Supporting Files */,
			);
			path = InTheGarageTests;
			sourceTree = "<group>";
		};
		687C05E71A7AEA1900677909 /* Supporting Files */ = {
			isa = PBXGroup;
			children = (
				687C05E81A7AEA1900677909 /* Info.plist */,
			);
			name = "Supporting Files";
			sourceTree = "<group>";
		};
/* End PBXGroup section */

/* Begin PBXNativeTarget section */
		687C05C61A7AEA1900677909 /* InTheGarage */ = {
			isa = PBXNativeTarget;
			buildConfigurationList = 687C05ED1A7AEA1900677909 /* Build configuration list for PBXNativeTarget "InTheGarage" */;
			buildPhases = (
				687C05C31A7AEA1900677909 /* Sources */,
				687C05C41A7AEA1900677909 /* Frameworks */,
				687C05C51A7AEA1900677909 /* Resources */,
			);
			buildRules = (
			);
			dependencies = (
			);
			name = InTheGarage;
			productName = InTheGarage;
			productReference = 687C05C71A7AEA1900677909 /* InTheGarage.app */;
			productType = "com.apple.product-type.application";
		};
		687C05E21A7AEA1900677909 /* InTheGarageTests */ = {
			isa = PBXNativeTarget;
			buildConfigurationList = 687C05F01A7AEA1900677909 /* Build configuration list for PBXNativeTarget "InTheGarageTests" */;
			buildPhases = (
				687C05DF1A7AEA1900677909 /* Sources */,
				687C05E01A7AEA1900677909 /* Frameworks */,
				687C05E11A7AEA1900677909 /* Resources */,
			);
			buildRules = (
			);
			dependencies = (
				687C05E51A7AEA1900677909 /* PBXTargetDependency */,
			);
			name = InTheGarageTests;
			productName = InTheGarageTests;
			productReference = 687C05E31A7AEA1900677909 /* InTheGarageTests.xctest */;
			productType = "com.apple.product-type.bundle.unit-test";
		};
/* End PBXNativeTarget section */

/* Begin PBXProject section */
		687C05BF1A7AEA1900677909 /* Project object */ = {
			isa = PBXProject;
			attributes = {
				LastUpgradeCheck = 0610;
				ORGANIZATIONNAME = DevMountain;
				TargetAttributes = {
					687C05C61A7AEA1900677909 = {
						CreatedOnToolsVersion = 6.1.1;
					};
					687C05E21A7AEA1900677909 = {
						CreatedOnToolsVersion = 6.1.1;
						TestTargetID = 687C05C61A7AEA1900677909;
					};
				};
			};
			buildConfigurationList = 687C05C21A7AEA1900677909 /* Build configuration list for PBXProject "InTheGarage" */;
			compatibilityVersion = "Xcode 3.2";
			developmentRegion = English;
			hasScannedForEncodings = 0;
			knownRegions = (
				en,
				Base,
			);
			mainGroup = 687C05BE1A7AEA1900677909;
			productRefGroup = 687C05C81A7AEA1900677909 /* Products */;
			projectDirPath = "";
			projectRoot = "";
			targets = (
				687C05C61A7AEA1900677909 /* InTheGarage */,
				687C05E21A7AEA1900677909 /* InTheGarageTests */,
			);
		};
/* End PBXProject section */

/* Begin PBXResourcesBuildPhase section */
		687C05C51A7AEA1900677909 /* Resources */ = {
			isa = PBXResourcesBuildPhase;
			buildActionMask = 2147483647;
			files = (
				687C05D91A7AEA1900677909 /* Main.storyboard in Resources */,
				687C05DE1A7AEA1900677909 /* LaunchScreen.xib in Resources */,
				687C05DB1A7AEA1900677909 /* Images.xcassets in Resources */,
			);
			runOnlyForDeploymentPostprocessing = 0;
		};
		687C05E11A7AEA1900677909 /* Resources */ = {
			isa = PBXResourcesBuildPhase;
			buildActionMask = 2147483647;
			files = (
			);
			runOnlyForDeploymentPostprocessing = 0;
		};
/* End PBXResourcesBuildPhase section */

/* Begin PBXSourcesBuildPhase section */
		687C05C31A7AEA1900677909 /* Sources */ = {
			isa = PBXSourcesBuildPhase;
			buildActionMask = 2147483647;
			files = (
				689CF76F1A9F8CA800282C25 /* CarListTableViewController.m in Sources */,
				689CF76C1A9F865600282C25 /* CarController.m in Sources */,
				689CF7691A9F861000282C25 /* Car.m in Sources */,
				687C05D01A7AEA1900677909 /* AppDelegate.m in Sources */,
				687C05D31A7AEA1900677909 /* InTheGarage.xcdatamodeld in Sources */,
				687C05D61A7AEA1900677909 /* CarDetailViewController.m in Sources */,
				689CF7661A9F832500282C25 /* CoreDataHelper.m in Sources */,
				687C05CD1A7AEA1900677909 /* main.m in Sources */,
			);
			runOnlyForDeploymentPostprocessing = 0;
		};
		687C05DF1A7AEA1900677909 /* Sources */ = {
			isa = PBXSourcesBuildPhase;
			buildActionMask = 2147483647;
			files = (
				687C05EA1A7AEA1900677909 /* InTheGarageTests.m in Sources */,
			);
			runOnlyForDeploymentPostprocessing = 0;
		};
/* End PBXSourcesBuildPhase section */

/* Begin PBXTargetDependency section */
		687C05E51A7AEA1900677909 /* PBXTargetDependency */ = {
			isa = PBXTargetDependency;
			target = 687C05C61A7AEA1900677909 /* InTheGarage */;
			targetProxy = 687C05E41A7AEA1900677909 /* PBXContainerItemProxy */;
		};
/* End PBXTargetDependency section */

/* Begin PBXVariantGroup section */
		687C05D71A7AEA1900677909 /* Main.storyboard */ = {
			isa = PBXVariantGroup;
			children = (
				687C05D81A7AEA1900677909 /* Base */,
			);
			name = Main.storyboard;
			sourceTree = "<group>";
		};
		687C05DC1A7AEA1900677909 /* LaunchScreen.xib */ = {
			isa = PBXVariantGroup;
			children = (
				687C05DD1A7AEA1900677909 /* Base */,
			);
			name = LaunchScreen.xib;
			sourceTree = "<group>";
		};
/* End PBXVariantGroup section */

/* Begin XCBuildConfiguration section */
		687C05EB1A7AEA1900677909 /* Debug */ = {
			isa = XCBuildConfiguration;
			buildSettings = {
				ALWAYS_SEARCH_USER_PATHS = NO;
				CLANG_CXX_LANGUAGE_STANDARD = "gnu++0x";
				CLANG_CXX_LIBRARY = "libc++";
				CLANG_ENABLE_MODULES = YES;
				CLANG_ENABLE_OBJC_ARC = YES;
				CLANG_WARN_BOOL_CONVERSION = YES;
				CLANG_WARN_CONSTANT_CONVERSION = YES;
				CLANG_WARN_DIRECT_OBJC_ISA_USAGE = YES_ERROR;
				CLANG_WARN_EMPTY_BODY = YES;
				CLANG_WARN_ENUM_CONVERSION = YES;
				CLANG_WARN_INT_CONVERSION = YES;
				CLANG_WARN_OBJC_ROOT_CLASS = YES_ERROR;
				CLANG_WARN_UNREACHABLE_CODE = YES;
				CLANG_WARN__DUPLICATE_METHOD_MATCH = YES;
				"CODE_SIGN_IDENTITY[sdk=iphoneos*]" = "iPhone Developer";
				COPY_PHASE_STRIP = NO;
				ENABLE_STRICT_OBJC_MSGSEND = YES;
				GCC_C_LANGUAGE_STANDARD = gnu99;
				GCC_DYNAMIC_NO_PIC = NO;
				GCC_OPTIMIZATION_LEVEL = 0;
				GCC_PREPROCESSOR_DEFINITIONS = (
					"DEBUG=1",
					"$(inherited)",
				);
				GCC_SYMBOLS_PRIVATE_EXTERN = NO;
				GCC_WARN_64_TO_32_BIT_CONVERSION = YES;
				GCC_WARN_ABOUT_RETURN_TYPE = YES_ERROR;
				GCC_WARN_UNDECLARED_SELECTOR = YES;
				GCC_WARN_UNINITIALIZED_AUTOS = YES_AGGRESSIVE;
				GCC_WARN_UNUSED_FUNCTION = YES;
				GCC_WARN_UNUSED_VARIABLE = YES;
				IPHONEOS_DEPLOYMENT_TARGET = 8.1;
				MTL_ENABLE_DEBUG_INFO = YES;
				ONLY_ACTIVE_ARCH = YES;
				SDKROOT = iphoneos;
			};
			name = Debug;
		};
		687C05EC1A7AEA1900677909 /* Release */ = {
			isa = XCBuildConfiguration;
			buildSettings = {
				ALWAYS_SEARCH_USER_PATHS = NO;
				CLANG_CXX_LANGUAGE_STANDARD = "gnu++0x";
				CLANG_CXX_LIBRARY = "libc++";
				CLANG_ENABLE_MODULES = YES;
				CLANG_ENABLE_OBJC_ARC = YES;
				CLANG_WARN_BOOL_CONVERSION = YES;
				CLANG_WARN_CONSTANT_CONVERSION = YES;
				CLANG_WARN_DIRECT_OBJC_ISA_USAGE = YES_ERROR;
				CLANG_WARN_EMPTY_BODY = YES;
				CLANG_WARN_ENUM_CONVERSION = YES;
				CLANG_WARN_INT_CONVERSION = YES;
				CLANG_WARN_OBJC_ROOT_CLASS = YES_ERROR;
				CLANG_WARN_UNREACHABLE_CODE = YES;
				CLANG_WARN__DUPLICATE_METHOD_MATCH = YES;
				"CODE_SIGN_IDENTITY[sdk=iphoneos*]" = "iPhone Developer";
				COPY_PHASE_STRIP = YES;
				ENABLE_NS_ASSERTIONS = NO;
				ENABLE_STRICT_OBJC_MSGSEND = YES;
				GCC_C_LANGUAGE_STANDARD = gnu99;
				GCC_WARN_64_TO_32_BIT_CONVERSION = YES;
				GCC_WARN_ABOUT_RETURN_TYPE = YES_ERROR;
				GCC_WARN_UNDECLARED_SELECTOR = YES;
				GCC_WARN_UNINITIALIZED_AUTOS = YES_AGGRESSIVE;
				GCC_WARN_UNUSED_FUNCTION = YES;
				GCC_WARN_UNUSED_VARIABLE = YES;
				IPHONEOS_DEPLOYMENT_TARGET = 8.1;
				MTL_ENABLE_DEBUG_INFO = NO;
				SDKROOT = iphoneos;
				VALIDATE_PRODUCT = YES;
			};
			name = Release;
		};
		687C05EE1A7AEA1900677909 /* Debug */ = {
			isa = XCBuildConfiguration;
			buildSettings = {
				ASSETCATALOG_COMPILER_APPICON_NAME = AppIcon;
				INFOPLIST_FILE = InTheGarage/Info.plist;
				LD_RUNPATH_SEARCH_PATHS = "$(inherited) @executable_path/Frameworks";
				PRODUCT_NAME = "$(TARGET_NAME)";
			};
			name = Debug;
		};
		687C05EF1A7AEA1900677909 /* Release */ = {
			isa = XCBuildConfiguration;
			buildSettings = {
				ASSETCATALOG_COMPILER_APPICON_NAME = AppIcon;
				INFOPLIST_FILE = InTheGarage/Info.plist;
				LD_RUNPATH_SEARCH_PATHS = "$(inherited) @executable_path/Frameworks";
				PRODUCT_NAME = "$(TARGET_NAME)";
			};
			name = Release;
		};
		687C05F11A7AEA1900677909 /* Debug */ = {
			isa = XCBuildConfiguration;
			buildSettings = {
				BUNDLE_LOADER = "$(TEST_HOST)";
				FRAMEWORK_SEARCH_PATHS = (
					"$(SDKROOT)/Developer/Library/Frameworks",
					"$(inherited)",
				);
				GCC_PREPROCESSOR_DEFINITIONS = (
					"DEBUG=1",
					"$(inherited)",
				);
				INFOPLIST_FILE = InTheGarageTests/Info.plist;
				LD_RUNPATH_SEARCH_PATHS = "$(inherited) @executable_path/Frameworks @loader_path/Frameworks";
				PRODUCT_NAME = "$(TARGET_NAME)";
				TEST_HOST = "$(BUILT_PRODUCTS_DIR)/InTheGarage.app/InTheGarage";
			};
			name = Debug;
		};
		687C05F21A7AEA1900677909 /* Release */ = {
			isa = XCBuildConfiguration;
			buildSettings = {
				BUNDLE_LOADER = "$(TEST_HOST)";
				FRAMEWORK_SEARCH_PATHS = (
					"$(SDKROOT)/Developer/Library/Frameworks",
					"$(inherited)",
				);
				INFOPLIST_FILE = InTheGarageTests/Info.plist;
				LD_RUNPATH_SEARCH_PATHS = "$(inherited) @executable_path/Frameworks @loader_path/Frameworks";
				PRODUCT_NAME = "$(TARGET_NAME)";
				TEST_HOST = "$(BUILT_PRODUCTS_DIR)/InTheGarage.app/InTheGarage";
			};
			name = Release;
		};
/* End XCBuildConfiguration section */

/* Begin XCConfigurationList section */
		687C05C21A7AEA1900677909 /* Build configuration list for PBXProject "InTheGarage" */ = {
			isa = XCConfigurationList;
			buildConfigurations = (
				687C05EB1A7AEA1900677909 /* Debug */,
				687C05EC1A7AEA1900677909 /* Release */,
			);
			defaultConfigurationIsVisible = 0;
			defaultConfigurationName = Release;
		};
		687C05ED1A7AEA1900677909 /* Build configuration list for PBXNativeTarget "InTheGarage" */ = {
			isa = XCConfigurationList;
			buildConfigurations = (
				687C05EE1A7AEA1900677909 /* Debug */,
				687C05EF1A7AEA1900677909 /* Release */,
			);
			defaultConfigurationIsVisible = 0;
			defaultConfigurationName = Release;
		};
		687C05F01A7AEA1900677909 /* Build configuration list for PBXNativeTarget "InTheGarageTests" */ = {
			isa = XCConfigurationList;
			buildConfigurations = (
				687C05F11A7AEA1900677909 /* Debug */,
				687C05F21A7AEA1900677909 /* Release */,
			);
			defaultConfigurationIsVisible = 0;
			defaultConfigurationName = Release;
		};
/* End XCConfigurationList section */

/* Begin XCVersionGroup section */
		687C05D11A7AEA1900677909 /* InTheGarage.xcdatamodeld */ = {
			isa = XCVersionGroup;
			children = (
				687C05D21A7AEA1900677909 /* InTheGarage.xcdatamodel */,
			);
			currentVersion = 687C05D21A7AEA1900677909 /* InTheGarage.xcdatamodel */;
			path = InTheGarage.xcdatamodeld;
			sourceTree = "<group>";
			versionGroupType = wrapper.xcdatamodel;
		};
/* End XCVersionGroup section */
	};
	rootObject = 687C05BF1A7AEA1900677909 /* Project object */;
}
